
Microsoft Visual Studio Solution File, Format Version 12.00
# Visual Studio 15
VisualStudioVersion = 15.0.27130.2036
MinimumVisualStudioVersion = 10.0.40219.1
Project("{FAE04EC0-301F-11D3-BF4B-00C04F79EFBC}") = "batterfly", "batterfly\batterfly.csproj", "{29754CD1-6A65-46FD-8903-989C3A3E4288}"
EndProject
Global
	GlobalSection(SolutionConfigurationPlatforms) = preSolution
		Debug|Any CPU = Debug|Any CPU
		Release|Any CPU = Release|Any CPU
	EndGlobalSection
	GlobalSection(ProjectConfigurationPlatforms) = postSolution
		{29754CD1-6A65-46FD-8903-989C3A3E4288}.Debug|Any CPU.ActiveCfg = Debug|Any CPU
		{29754CD1-6A65-46FD-8903-989C3A3E4288}.Debug|Any CPU.Build.0 = Debug|Any CPU
		{29754CD1-6A65-46FD-8903-989C3A3E4288}.Release|Any CPU.ActiveCfg = Release|Any CPU
		{29754CD1-6A65-46FD-8903-989C3A3E4288}.Release|Any CPU.Build.0 = Release|Any CPU
	EndGlobalSection
	GlobalSection(SolutionProperties) = preSolution
		HideSolutionNode = FALSE
	EndGlobalSection
	GlobalSection(ExtensibilityGlobals) = postSolution
		SolutionGuid = {666AE25F-0064-4F31-AB27-1D724A9072E5}
	EndGlobalSection
EndGlobal
