
Microsoft Visual Studio Solution File, Format Version 12.00
# Visual Studio 15
VisualStudioVersion = 15.0.27130.2036
MinimumVisualStudioVersion = 10.0.40219.1
Project("{FAE04EC0-301F-11D3-BF4B-00C04F79EFBC}") = "Properties", "Properties\Properties.csproj", "{DAD19250-52F6-4757-9BB7-415F4A35965D}"
EndProject
Project("{FAE04EC0-301F-11D3-BF4B-00C04F79EFBC}") = "Properties_02", "Properties_02\Properties_02.csproj", "{C1767E68-B5C8-4510-97E5-8FDB01F62DA7}"
EndProject
Global
	GlobalSection(SolutionConfigurationPlatforms) = preSolution
		Debug|Any CPU = Debug|Any CPU
		Release|Any CPU = Release|Any CPU
	EndGlobalSection
	GlobalSection(ProjectConfigurationPlatforms) = postSolution
		{DAD19250-52F6-4757-9BB7-415F4A35965D}.Debug|Any CPU.ActiveCfg = Debug|Any CPU
		{DAD19250-52F6-4757-9BB7-415F4A35965D}.Debug|Any CPU.Build.0 = Debug|Any CPU
		{DAD19250-52F6-4757-9BB7-415F4A35965D}.Release|Any CPU.ActiveCfg = Release|Any CPU
		{DAD19250-52F6-4757-9BB7-415F4A35965D}.Release|Any CPU.Build.0 = Release|Any CPU
		{C1767E68-B5C8-4510-97E5-8FDB01F62DA7}.Debug|Any CPU.ActiveCfg = Debug|Any CPU
		{C1767E68-B5C8-4510-97E5-8FDB01F62DA7}.Debug|Any CPU.Build.0 = Debug|Any CPU
		{C1767E68-B5C8-4510-97E5-8FDB01F62DA7}.Release|Any CPU.ActiveCfg = Release|Any CPU
		{C1767E68-B5C8-4510-97E5-8FDB01F62DA7}.Release|Any CPU.Build.0 = Release|Any CPU
	EndGlobalSection
	GlobalSection(SolutionProperties) = preSolution
		HideSolutionNode = FALSE
	EndGlobalSection
	GlobalSection(ExtensibilityGlobals) = postSolution
		SolutionGuid = {CE470B85-2D45-4B81-B013-C2D4D5EF32C2}
	EndGlobalSection
EndGlobal
